
Microsoft Visual Studio Solution File, Format Version 12.00
# Visual Studio 15
VisualStudioVersion = 15.0.28307.168
MinimumVisualStudioVersion = 10.0.40219.1
Project("{FAE04EC0-301F-11D3-BF4B-00C04F79EFBC}") = "XanhShop.Common", "XanhShop.Common\XanhShop.Common.csproj", "{B8151611-2EA3-40EC-92A2-F751FA68C26D}"
EndProject
Project("{FAE04EC0-301F-11D3-BF4B-00C04F79EFBC}") = "XanhShop.Data", "XanhShop.Data\XanhShop.Data.csproj", "{F1707206-0202-43BC-9F9D-BC8E65197DF2}"
EndProject
Project("{FAE04EC0-301F-11D3-BF4B-00C04F79EFBC}") = "XanhShop.Model", "XanhShop.Model\XanhShop.Model.csproj", "{7D400D4B-B23B-4966-9EF8-A35B00CA2DEC}"
EndProject
Project("{FAE04EC0-301F-11D3-BF4B-00C04F79EFBC}") = "XanhShop.Service", "XanhShop.Service\XanhShop.Service.csproj", "{8984A77E-FF1C-46E0-AC9C-8C039789352D}"
EndProject
Project("{FAE04EC0-301F-11D3-BF4B-00C04F79EFBC}") = "XanhShop.Web", "XanhShop.Web\XanhShop.Web.csproj", "{BF06DEF5-008A-4D85-B9B6-2AD392C45F7B}"
EndProject
Global
	GlobalSection(SolutionConfigurationPlatforms) = preSolution
		Debug|Any CPU = Debug|Any CPU
		Release|Any CPU = Release|Any CPU
	EndGlobalSection
	GlobalSection(ProjectConfigurationPlatforms) = postSolution
		{B8151611-2EA3-40EC-92A2-F751FA68C26D}.Debug|Any CPU.ActiveCfg = Debug|Any CPU
		{B8151611-2EA3-40EC-92A2-F751FA68C26D}.Debug|Any CPU.Build.0 = Debug|Any CPU
		{B8151611-2EA3-40EC-92A2-F751FA68C26D}.Release|Any CPU.ActiveCfg = Release|Any CPU
		{B8151611-2EA3-40EC-92A2-F751FA68C26D}.Release|Any CPU.Build.0 = Release|Any CPU
		{F1707206-0202-43BC-9F9D-BC8E65197DF2}.Debug|Any CPU.ActiveCfg = Debug|Any CPU
		{F1707206-0202-43BC-9F9D-BC8E65197DF2}.Debug|Any CPU.Build.0 = Debug|Any CPU
		{F1707206-0202-43BC-9F9D-BC8E65197DF2}.Release|Any CPU.ActiveCfg = Release|Any CPU
		{F1707206-0202-43BC-9F9D-BC8E65197DF2}.Release|Any CPU.Build.0 = Release|Any CPU
		{7D400D4B-B23B-4966-9EF8-A35B00CA2DEC}.Debug|Any CPU.ActiveCfg = Debug|Any CPU
		{7D400D4B-B23B-4966-9EF8-A35B00CA2DEC}.Debug|Any CPU.Build.0 = Debug|Any CPU
		{7D400D4B-B23B-4966-9EF8-A35B00CA2DEC}.Release|Any CPU.ActiveCfg = Release|Any CPU
		{7D400D4B-B23B-4966-9EF8-A35B00CA2DEC}.Release|Any CPU.Build.0 = Release|Any CPU
		{8984A77E-FF1C-46E0-AC9C-8C039789352D}.Debug|Any CPU.ActiveCfg = Debug|Any CPU
		{8984A77E-FF1C-46E0-AC9C-8C039789352D}.Debug|Any CPU.Build.0 = Debug|Any CPU
		{8984A77E-FF1C-46E0-AC9C-8C039789352D}.Release|Any CPU.ActiveCfg = Release|Any CPU
		{8984A77E-FF1C-46E0-AC9C-8C039789352D}.Release|Any CPU.Build.0 = Release|Any CPU
		{BF06DEF5-008A-4D85-B9B6-2AD392C45F7B}.Debug|Any CPU.ActiveCfg = Debug|Any CPU
		{BF06DEF5-008A-4D85-B9B6-2AD392C45F7B}.Debug|Any CPU.Build.0 = Debug|Any CPU
		{BF06DEF5-008A-4D85-B9B6-2AD392C45F7B}.Release|Any CPU.ActiveCfg = Release|Any CPU
		{BF06DEF5-008A-4D85-B9B6-2AD392C45F7B}.Release|Any CPU.Build.0 = Release|Any CPU
	EndGlobalSection
	GlobalSection(SolutionProperties) = preSolution
		HideSolutionNode = FALSE
	EndGlobalSection
	GlobalSection(ExtensibilityGlobals) = postSolution
		SolutionGuid = {941689A4-C660-4155-A08D-E872E554C16B}
	EndGlobalSection
EndGlobal
